
Microsoft Visual Studio Solution File, Format Version 12.00
# Visual Studio Version 17
VisualStudioVersion = 17.7.34024.191
MinimumVisualStudioVersion = 10.0.40219.1
Project("{FAE04EC0-301F-11D3-BF4B-00C04F79EFBC}") = "Cards_Example", "Cards_Example\Cards_Example.csproj", "{2F451393-30BC-4CFF-9642-AC0381CBA49E}"
EndProject
Global
	GlobalSection(SolutionConfigurationPlatforms) = preSolution
		Debug|Any CPU = Debug|Any CPU
		Release|Any CPU = Release|Any CPU
	EndGlobalSection
	GlobalSection(ProjectConfigurationPlatforms) = postSolution
		{2F451393-30BC-4CFF-9642-AC0381CBA49E}.Debug|Any CPU.ActiveCfg = Debug|Any CPU
		{2F451393-30BC-4CFF-9642-AC0381CBA49E}.Debug|Any CPU.Build.0 = Debug|Any CPU
		{2F451393-30BC-4CFF-9642-AC0381CBA49E}.Release|Any CPU.ActiveCfg = Release|Any CPU
		{2F451393-30BC-4CFF-9642-AC0381CBA49E}.Release|Any CPU.Build.0 = Release|Any CPU
	EndGlobalSection
	GlobalSection(SolutionProperties) = preSolution
		HideSolutionNode = FALSE
	EndGlobalSection
	GlobalSection(ExtensibilityGlobals) = postSolution
		SolutionGuid = {4216D4A1-BB1B-45B6-B98D-A82C03CC66DE}
	EndGlobalSection
EndGlobal
